Microsoft Visual Studio Solution File, Format Version 11.00
# Visual Studio 2008

Project("{2F23CD74-A79E-766E-0289-94F6B470A154}") = "Planeteach", "Assembly-CSharp.csproj", "{F50ED9C5-9BEB-2730-2E76-A423D81EB02D}"
EndProject
Global
	GlobalSection(SolutionConfigurationPlatforms) = preSolution
		Debug|Any CPU = Debug|Any CPU
		Release|Any CPU = Release|Any CPU
	EndGlobalSection
	GlobalSection(ProjectConfigurationPlatforms) = postSolution
		{F50ED9C5-9BEB-2730-2E76-A423D81EB02D}.Debug|Any CPU.ActiveCfg = Debug|Any CPU
		{F50ED9C5-9BEB-2730-2E76-A423D81EB02D}.Debug|Any CPU.Build.0 = Debug|Any CPU
		{F50ED9C5-9BEB-2730-2E76-A423D81EB02D}.Release|Any CPU.ActiveCfg = Release|Any CPU
		{F50ED9C5-9BEB-2730-2E76-A423D81EB02D}.Release|Any CPU.Build.0 = Release|Any CPU
	EndGlobalSection
	GlobalSection(SolutionProperties) = preSolution
		HideSolutionNode = FALSE
	EndGlobalSection
	GlobalSection(MonoDevelopProperties) = preSolution
		StartupItem = Assembly-CSharp.csproj
	EndGlobalSection
EndGlobal
